<Solution>
  <Configurations>
    <Platform Name="x64" />
    <Platform Name="x86" />
  </Configurations>
  <Project Path="dx12lib/dx12lib.vcxproj"
           Id="8dd7f00b-4c3f-46af-aecd-35652a9e35d2" />

  <Project Path="ShaderApp/ShaderApp.vcxproj"
           Id="ea22ed3d-6996-2cbb-3174-3d8e034d64ce">

    <BuildDependency Project="dx12lib/dx12lib.vcxproj" />
  </Project>
</Solution>
